
Microsoft Visual Studio Solution File, Format Version 12.00
# Visual Studio Version 17
VisualStudioVersion = 17.14.36623.8 d17.14
MinimumVisualStudioVersion = 10.0.40219.1
Project("{FAE04EC0-301F-11D3-BF4B-00C04F79EFBC}") = "Blazor008Crud2", "Blazor008Crud2\Blazor008Crud2.csproj", "{DD010737-CF8C-4D7E-8DA2-DE1D6E599F6A}"
EndProject
Project("{FAE04EC0-301F-11D3-BF4B-00C04F79EFBC}") = "B007Clases", "..\B007Crud\B007Clases\B007Clases.csproj", "{CCF40516-07B5-7C54-9BB4-1977E7DA0EAC}"
EndProject
Global
	GlobalSection(SolutionConfigurationPlatforms) = preSolution
		Debug|Any CPU = Debug|Any CPU
		Release|Any CPU = Release|Any CPU
	EndGlobalSection
	GlobalSection(ProjectConfigurationPlatforms) = postSolution
		{DD010737-CF8C-4D7E-8DA2-DE1D6E599F6A}.Debug|Any CPU.ActiveCfg = Debug|Any CPU
		{DD010737-CF8C-4D7E-8DA2-DE1D6E599F6A}.Debug|Any CPU.Build.0 = Debug|Any CPU
		{DD010737-CF8C-4D7E-8DA2-DE1D6E599F6A}.Release|Any CPU.ActiveCfg = Release|Any CPU
		{DD010737-CF8C-4D7E-8DA2-DE1D6E599F6A}.Release|Any CPU.Build.0 = Release|Any CPU
		{CCF40516-07B5-7C54-9BB4-1977E7DA0EAC}.Debug|Any CPU.ActiveCfg = Debug|Any CPU
		{CCF40516-07B5-7C54-9BB4-1977E7DA0EAC}.Debug|Any CPU.Build.0 = Debug|Any CPU
		{CCF40516-07B5-7C54-9BB4-1977E7DA0EAC}.Release|Any CPU.ActiveCfg = Release|Any CPU
		{CCF40516-07B5-7C54-9BB4-1977E7DA0EAC}.Release|Any CPU.Build.0 = Release|Any CPU
	EndGlobalSection
	GlobalSection(SolutionProperties) = preSolution
		HideSolutionNode = FALSE
	EndGlobalSection
	GlobalSection(ExtensibilityGlobals) = postSolution
		SolutionGuid = {1690D742-2650-491B-9D97-96DE14E05255}
	EndGlobalSection
EndGlobal
